
Microsoft Visual Studio Solution File, Format Version 12.00
# Visual Studio 15
VisualStudioVersion = 15.0.28307.705
MinimumVisualStudioVersion = 10.0.40219.1
Project("{FAE04EC0-301F-11D3-BF4B-00C04F79EFBC}") = "ImageAPI", "ImageAPI\ImageAPI.csproj", "{D45C49D6-1241-478B-8CF0-572F45F754A5}"
EndProject
Global
	GlobalSection(SolutionConfigurationPlatforms) = preSolution
		Debug|Any CPU = Debug|Any CPU
		Release|Any CPU = Release|Any CPU
	EndGlobalSection
	GlobalSection(ProjectConfigurationPlatforms) = postSolution
		{D45C49D6-1241-478B-8CF0-572F45F754A5}.Debug|Any CPU.ActiveCfg = Debug|Any CPU
		{D45C49D6-1241-478B-8CF0-572F45F754A5}.Debug|Any CPU.Build.0 = Debug|Any CPU
		{D45C49D6-1241-478B-8CF0-572F45F754A5}.Release|Any CPU.ActiveCfg = Release|Any CPU
		{D45C49D6-1241-478B-8CF0-572F45F754A5}.Release|Any CPU.Build.0 = Release|Any CPU
	EndGlobalSection
	GlobalSection(SolutionProperties) = preSolution
		HideSolutionNode = FALSE
	EndGlobalSection
	GlobalSection(ExtensibilityGlobals) = postSolution
		SolutionGuid = {6A513840-5CF1-4F6F-8509-30FE574185EE}
	EndGlobalSection
EndGlobal
